# THIS IS AN AUTOGENERATED FILE. DO NOT EDIT THIS FILE DIRECTLY.
# yarn lockfile v1


"@babel/runtime@^7.18.6":
  version "7.20.13"
  resolved "https://registry.yarnpkg.com/@babel/runtime/-/runtime-7.20.13.tgz#7055ab8a7cff2b8f6058bf6ae45ff84ad2aded4b"
  integrity sha512-gt3PKXs0DBoL9xCvOIIZ2NEqAGZqHjAnmVbfQtB620V0uReIQutpel14KcneZuer7UioY8ALKZ7iocavvzTNFA==
  dependencies:
    regenerator-runtime "^0.13.11"

"@ethersproject/bignumber@^5.5.0":
  version "5.7.0"
  resolved "https://registry.yarnpkg.com/@ethersproject/bignumber/-/bignumber-5.7.0.tgz#e2f03837f268ba655ffba03a57853e18a18dc9c2"
  integrity sha512-n1CAdIHRWjSucQO3MC1zPSVgV/6dy/fjL9pMrPP9peL+QxEg9wOsVqwD4+818B6LUEtaXzVHQiuivzRoxPxUGw==
  dependencies:
    "@ethersproject/bytes" "^5.7.0"
    "@ethersproject/logger" "^5.7.0"
    bn.js "^5.2.1"

"@ethersproject/bytes@^5.7.0":
  version "5.7.0"
  resolved "https://registry.yarnpkg.com/@ethersproject/bytes/-/bytes-5.7.0.tgz#a00f6ea8d7e7534d6d87f47188af1148d71f155d"
  integrity sha512-nsbxwgFXWh9NyYWo+U8atvmMsSdKJprTcICAkvbBffT75qDocbuggBU0SJiVK2MuTrp0q+xvLkTnGMPK1+uA9A==
  dependencies:
    "@ethersproject/logger" "^5.7.0"

"@ethersproject/logger@^5.7.0":
  version "5.7.0"
  resolved "https://registry.yarnpkg.com/@ethersproject/logger/-/logger-5.7.0.tgz#6ce9ae168e74fecf287be17062b590852c311892"
  integrity sha512-0odtFdXu/XHtjQXJYA3u9G0G8btm0ND5Cu8M7i5vhEcE8/HmF4Lbdqanwyv4uQTr2tx6b7fQRmgLrsnpQlmnig==

"@jbx-protocol/juice-contracts-v3@^2.0.3":
  version "2.0.3"
  resolved "https://registry.yarnpkg.com/@jbx-protocol/juice-contracts-v3/-/juice-contracts-v3-2.0.3.tgz#0b0acd14a6ad51da4e425b8d55bad8db5c7dbbc1"
  integrity sha512-lYXRYlhUzsR9xLrzXTq95Ps3rE6xNDrgKhZ+yiitdPRRkAPPA887BtSt72BamsKUiHl3xAoKGYIvv+3b/h9/UA==

"@openzeppelin/contracts@^4.8.1":
  version "4.8.1"
  resolved "https://registry.yarnpkg.com/@openzeppelin/contracts/-/contracts-4.8.1.tgz#709cfc4bbb3ca9f4460d60101f15dac6b7a2d5e4"
  integrity sha512-xQ6eUZl+RDyb/FiZe1h+U7qr/f4p/SrTSQcTPH2bjur3C5DbuW/zFgCU/b1P/xcIaEqJep+9ju4xDRi3rmChdQ==

"@paulrberg/contracts@^3.7.0":
  version "3.7.0"
  resolved "https://registry.yarnpkg.com/@paulrberg/contracts/-/contracts-3.7.0.tgz#d7fb09d3d75f47f979a666bba19727571e419d98"
  integrity sha512-vOBN0P1xjT0rJqQs8DZ1B48qO0tHx6tabfGomsWC57EUMQzEYY/Kw8jS6uVbpeJRes1X+mPXcxmEoilAvUN7Ng==
  dependencies:
    prb-math "^2.4.1"

bn.js@^5.2.1:
  version "5.2.1"
  resolved "https://registry.yarnpkg.com/bn.js/-/bn.js-5.2.1.tgz#0bc527a6a0d18d0aa8d5b0538ce4a77dccfa7b70"
  integrity sha512-eXRvHzWyYPBuB4NBy0cmYQjGitUrtqwbvlzP3G6VFnNRbsZQIxQ10PbKKHt8gZ/HW/D/747aDl+QkDqg3KQLMQ==

complex.js@^2.1.1:
  version "2.1.1"
  resolved "https://registry.yarnpkg.com/complex.js/-/complex.js-2.1.1.tgz#0675dac8e464ec431fb2ab7d30f41d889fb25c31"
  integrity sha512-8njCHOTtFFLtegk6zQo0kkVX1rngygb/KQI6z1qZxlFI3scluC+LVTCFbrkWjBv4vvLlbQ9t88IPMC6k95VTTg==

decimal.js@^10.3.1:
  version "10.4.3"
  resolved "https://registry.yarnpkg.com/decimal.js/-/decimal.js-10.4.3.tgz#1044092884d245d1b7f65725fa4ad4c6f781cc23"
  integrity sha512-VBBaLc1MgL5XpzgIP7ny5Z6Nx3UrRkIViUkPUdtl9aya5amy3De1gsUUSB1g3+3sExYNjCAsAznmukyxCb1GRA==

escape-latex@^1.2.0:
  version "1.2.0"
  resolved "https://registry.yarnpkg.com/escape-latex/-/escape-latex-1.2.0.tgz#07c03818cf7dac250cce517f4fda1b001ef2bca1"
  integrity sha512-nV5aVWW1K0wEiUIEdZ4erkGGH8mDxGyxSeqPzRNtWP7ataw+/olFObw7hujFWlVjNsaDFw5VZ5NzVSIqRgfTiw==

evm-bn@^1.1.1:
  version "1.1.2"
  resolved "https://registry.yarnpkg.com/evm-bn/-/evm-bn-1.1.2.tgz#0bfd19d13b18765eac6bdea51d286266cfeab2bc"
  integrity sha512-Lq8CT1EAjSeN+Yk0h1hpSwnZyMA4Xir6fQD4vlStljAuW2xr7qLOEGDLGsTa9sU2e40EYIumA4wYhMC/e+lyKw==
  dependencies:
    "@ethersproject/bignumber" "^5.5.0"
    from-exponential "^1.1.1"

fraction.js@^4.2.0:
  version "4.2.0"
  resolved "https://registry.yarnpkg.com/fraction.js/-/fraction.js-4.2.0.tgz#448e5109a313a3527f5a3ab2119ec4cf0e0e2950"
  integrity sha512-MhLuK+2gUcnZe8ZHlaaINnQLl0xRIGRfcGk2yl8xoQAfHrSsL3rYu6FCmBdkdbhc9EPlwyGHewaRsvwRMJtAlA==

from-exponential@^1.1.1:
  version "1.1.1"
  resolved "https://registry.yarnpkg.com/from-exponential/-/from-exponential-1.1.1.tgz#41caff748d22e9c195713802cdac31acbe4b1b83"
  integrity sha512-VBE7f5OVnYwdgB3LHa+Qo29h8qVpxhVO9Trlc+AWm+/XNAgks1tAwMFHb33mjeiof77GglsJzeYF7OqXrROP/A==

javascript-natural-sort@^0.7.1:
  version "0.7.1"
  resolved "https://registry.yarnpkg.com/javascript-natural-sort/-/javascript-natural-sort-0.7.1.tgz#f9e2303d4507f6d74355a73664d1440fb5a0ef59"
  integrity sha512-nO6jcEfZWQXDhOiBtG2KvKyEptz7RVbpGP4vTD2hLBdmNQSsCiicO2Ioinv6UI4y9ukqnBpy+XZ9H6uLNgJTlw==

mathjs@^10.1.1:
  version "10.6.4"
  resolved "https://registry.yarnpkg.com/mathjs/-/mathjs-10.6.4.tgz#1b87a1268781d64f0c8b4e5e1b36cf7ecf58bb05"
  integrity sha512-omQyvRE1jIy+3k2qsqkWASOcd45aZguXZDckr3HtnTYyXk5+2xpVfC3kATgbO2Srjxlqww3TVdhD0oUdZ/hiFA==
  dependencies:
    "@babel/runtime" "^7.18.6"
    complex.js "^2.1.1"
    decimal.js "^10.3.1"
    escape-latex "^1.2.0"
    fraction.js "^4.2.0"
    javascript-natural-sort "^0.7.1"
    seedrandom "^3.0.5"
    tiny-emitter "^2.1.0"
    typed-function "^2.1.0"

prb-math@^2.4.1:
  version "2.4.3"
  resolved "https://registry.yarnpkg.com/prb-math/-/prb-math-2.4.3.tgz#a0121111aeae49fe5686db4aef422b785101bf7b"
  integrity sha512-t5jncEscKmWg7COkMkmbXXxSeDI6Xl21rxx5e+oxUCqskNvsu6Q9RqdVfGY6y+sMwyMQE8DJ/OOyQ9ExH1yfbw==
  dependencies:
    "@ethersproject/bignumber" "^5.5.0"
    decimal.js "^10.3.1"
    evm-bn "^1.1.1"
    mathjs "^10.1.1"

regenerator-runtime@^0.13.11:
  version "0.13.11"
  resolved "https://registry.yarnpkg.com/regenerator-runtime/-/regenerator-runtime-0.13.11.tgz#f6dca3e7ceec20590d07ada785636a90cdca17f9"
  integrity sha512-kY1AZVr2Ra+t+piVaJ4gxaFaReZVH40AKNo7UCX6W+dEwBo/2oZJzqfuN1qLq1oL45o56cPaTXELwrTh8Fpggg==

seedrandom@^3.0.5:
  version "3.0.5"
  resolved "https://registry.yarnpkg.com/seedrandom/-/seedrandom-3.0.5.tgz#54edc85c95222525b0c7a6f6b3543d8e0b3aa0a7"
  integrity sha512-8OwmbklUNzwezjGInmZ+2clQmExQPvomqjL7LFqOYqtmuxRgQYqOD3mHaU+MvZn5FLUeVxVfQjwLZW/n/JFuqg==

tiny-emitter@^2.1.0:
  version "2.1.0"
  resolved "https://registry.yarnpkg.com/tiny-emitter/-/tiny-emitter-2.1.0.tgz#1d1a56edfc51c43e863cbb5382a72330e3555423"
  integrity sha512-NB6Dk1A9xgQPMoGqC5CVXn123gWyte215ONT5Pp5a0yt4nlEoO1ZWeCwpncaekPHXO60i47ihFnZPiRPjRMq4Q==

typed-function@^2.1.0:
  version "2.1.0"
  resolved "https://registry.yarnpkg.com/typed-function/-/typed-function-2.1.0.tgz#ded6f8a442ba8749ff3fe75bc41419c8d46ccc3f"
  integrity sha512-bctQIOqx2iVbWGDGPWwIm18QScpu2XRmkC19D8rQGFsjKSgteq/o1hTZvIG/wuDq8fanpBDrLkLq+aEN/6y5XQ==
